
Microsoft Visual Studio Solution File, Format Version 12.00
# Visual Studio Version 16
VisualStudioVersion = 16.0.30011.22
MinimumVisualStudioVersion = 10.0.40219.1
Project("{FAE04EC0-301F-11D3-BF4B-00C04F79EFBC}") = "Entidades", "Entidades\Entidades.csproj", "{B7061F26-FB0F-4ADD-AB5A-0D554F307CD1}"
EndProject
Project("{FAE04EC0-301F-11D3-BF4B-00C04F79EFBC}") = "Cappato.Carolina.2D", "Cappato.Carolina.2D\Cappato.Carolina.2D.csproj", "{2657CF80-86F6-41AB-98D3-D0B5D680FA2C}"
EndProject
Project("{FAE04EC0-301F-11D3-BF4B-00C04F79EFBC}") = "Prueba", "Prueba\Prueba.csproj", "{100A9980-146A-460F-B070-9A40883A5857}"
EndProject
Global
	GlobalSection(SolutionConfigurationPlatforms) = preSolution
		Debug|Any CPU = Debug|Any CPU
		Release|Any CPU = Release|Any CPU
	EndGlobalSection
	GlobalSection(ProjectConfigurationPlatforms) = postSolution
		{B7061F26-FB0F-4ADD-AB5A-0D554F307CD1}.Debug|Any CPU.ActiveCfg = Debug|Any CPU
		{B7061F26-FB0F-4ADD-AB5A-0D554F307CD1}.Debug|Any CPU.Build.0 = Debug|Any CPU
		{B7061F26-FB0F-4ADD-AB5A-0D554F307CD1}.Release|Any CPU.ActiveCfg = Release|Any CPU
		{B7061F26-FB0F-4ADD-AB5A-0D554F307CD1}.Release|Any CPU.Build.0 = Release|Any CPU
		{2657CF80-86F6-41AB-98D3-D0B5D680FA2C}.Debug|Any CPU.ActiveCfg = Debug|Any CPU
		{2657CF80-86F6-41AB-98D3-D0B5D680FA2C}.Debug|Any CPU.Build.0 = Debug|Any CPU
		{2657CF80-86F6-41AB-98D3-D0B5D680FA2C}.Release|Any CPU.ActiveCfg = Release|Any CPU
		{2657CF80-86F6-41AB-98D3-D0B5D680FA2C}.Release|Any CPU.Build.0 = Release|Any CPU
		{100A9980-146A-460F-B070-9A40883A5857}.Debug|Any CPU.ActiveCfg = Debug|Any CPU
		{100A9980-146A-460F-B070-9A40883A5857}.Debug|Any CPU.Build.0 = Debug|Any CPU
		{100A9980-146A-460F-B070-9A40883A5857}.Release|Any CPU.ActiveCfg = Release|Any CPU
		{100A9980-146A-460F-B070-9A40883A5857}.Release|Any CPU.Build.0 = Release|Any CPU
	EndGlobalSection
	GlobalSection(SolutionProperties) = preSolution
		HideSolutionNode = FALSE
	EndGlobalSection
	GlobalSection(ExtensibilityGlobals) = postSolution
		SolutionGuid = {4C8DD57E-6E5A-4D36-916C-1C0366C18EA9}
	EndGlobalSection
EndGlobal
